
Microsoft Visual Studio Solution File, Format Version 12.00
# Visual Studio Version 16
VisualStudioVersion = 16.0.33214.272
MinimumVisualStudioVersion = 10.0.40219.1
Project("{8BC9CEB8-8B4A-11D0-8D11-00A0C91BC942}") = "pra-5.5", "pra-5.5\pra-5.5.vcxproj", "{61520D1F-9A07-4B45-A832-670C9ADB4C34}"
EndProject
Global
	GlobalSection(SolutionConfigurationPlatforms) = preSolution
		Debug|x64 = Debug|x64
		Debug|x86 = Debug|x86
		Release|x64 = Release|x64
		Release|x86 = Release|x86
	EndGlobalSection
	GlobalSection(ProjectConfigurationPlatforms) = postSolution
		{61520D1F-9A07-4B45-A832-670C9ADB4C34}.Debug|x64.ActiveCfg = Debug|x64
		{61520D1F-9A07-4B45-A832-670C9ADB4C34}.Debug|x64.Build.0 = Debug|x64
		{61520D1F-9A07-4B45-A832-670C9ADB4C34}.Debug|x86.ActiveCfg = Debug|Win32
		{61520D1F-9A07-4B45-A832-670C9ADB4C34}.Debug|x86.Build.0 = Debug|Win32
		{61520D1F-9A07-4B45-A832-670C9ADB4C34}.Release|x64.ActiveCfg = Release|x64
		{61520D1F-9A07-4B45-A832-670C9ADB4C34}.Release|x64.Build.0 = Release|x64
		{61520D1F-9A07-4B45-A832-670C9ADB4C34}.Release|x86.ActiveCfg = Release|Win32
		{61520D1F-9A07-4B45-A832-670C9ADB4C34}.Release|x86.Build.0 = Release|Win32
	EndGlobalSection
	GlobalSection(SolutionProperties) = preSolution
		HideSolutionNode = FALSE
	EndGlobalSection
	GlobalSection(ExtensibilityGlobals) = postSolution
		SolutionGuid = {0D40C45D-F917-4FED-A31C-D1B5B06C062E}
	EndGlobalSection
EndGlobal
